// !$*UTF8*$!
{
	archiveVersion = 1;
	classes = {
	};
	objectVersion = 46;
	objects = {

/* Begin PBXBuildFile section */
		2758356C180DC7AC00604713 /* Foundation.framework in Frameworks */ = {isa = PBXBuildFile; fileRef = 2758356B180DC7AC00604713 /* Foundation.framework */; };
		2758356E180DC7AC00604713 /* CoreGraphics.framework in Frameworks */ = {isa = PBXBuildFile; fileRef = 2758356D180DC7AC00604713 /* CoreGraphics.framework */; };
		27583570180DC7AC00604713 /* UIKit.framework in Frameworks */ = {isa = PBXBuildFile; fileRef = 2758356F180DC7AC00604713 /* UIKit.framework */; };
		27583576180DC7AC00604713 /* InfoPlist.strings in Resources */ = {isa = PBXBuildFile; fileRef = 27583574180DC7AC00604713 /* InfoPlist.strings */; };
		27583578180DC7AC00604713 /* main.m in Sources */ = {isa = PBXBuildFile; fileRef = 27583577180DC7AC00604713 /* main.m */; };
		2758357C180DC7AC00604713 /* AppDelegate.m in Sources */ = {isa = PBXBuildFile; fileRef = 2758357B180DC7AC00604713 /* AppDelegate.m */; };
		2758357F180DC7AC00604713 /* Main_iPhone.storyboard in Resources */ = {isa = PBXBuildFile; fileRef = 2758357D180DC7AC00604713 /* Main_iPhone.storyboard */; };
		27583582180DC7AC00604713 /* Main_iPad.storyboard in Resources */ = {isa = PBXBuildFile; fileRef = 27583580180DC7AC00604713 /* Main_iPad.storyboard */; };
		27583585180DC7AC00604713 /* ViewController.m in Sources */ = {isa = PBXBuildFile; fileRef = 27583584180DC7AC00604713 /* ViewController.m */; };
		27583587180DC7AC00604713 /* Images.xcassets in Resources */ = {isa = PBXBuildFile; fileRef = 27583586180DC7AC00604713 /* Images.xcassets */; };
		2758358E180DC7AC00604713 /* XCTest.framework in Frameworks */ = {isa = PBXBuildFile; fileRef = 2758358D180DC7AC00604713 /* XCTest.framework */; };
		2758358F180DC7AC00604713 /* Foundation.framework in Frameworks */ = {isa = PBXBuildFile; fileRef = 2758356B180DC7AC00604713 /* Foundation.framework */; };
		27583590180DC7AD00604713 /* UIKit.framework in Frameworks */ = {isa = PBXBuildFile; fileRef = 2758356F180DC7AC00604713 /* UIKit.framework */; };
		27583598180DC7AD00604713 /* InfoPlist.strings in Resources */ = {isa = PBXBuildFile; fileRef = 27583596180DC7AD00604713 /* InfoPlist.strings */; };
		2758359A180DC7AD00604713 /* XCSTestTests.m in Sources */ = {isa = PBXBuildFile; fileRef = 27583599180DC7AD00604713 /* XCSTestTests.m */; };
/* End PBXBuildFile section */

/* Begin PBXContainerItemProxy section */
		27583591180DC7AD00604713 /* PBXContainerItemProxy */ = {
			isa = PBXContainerItemProxy;
			containerPortal = 27583560180DC7AC00604713 /* Project object */;
			proxyType = 1;
			remoteGlobalIDString = 27583567180DC7AC00604713;
			remoteInfo = XCSTest;
		};
/* End PBXContainerItemProxy section */

/* Begin PBXFileReference section */
		27583568180DC7AC00604713 /* XCSTest.app */ = {isa = PBXFileReference; explicitFileType = wrapper.application; includeInIndex = 0; path = XCSTest.app; sourceTree = BUILT_PRODUCTS_DIR; };
		2758356B180DC7AC00604713 /* Foundation.framework */ = {isa = PBXFileReference; lastKnownFileType = wrapper.framework; name = Foundation.framework; path = System/Library/Frameworks/Foundation.framework; sourceTree = SDKROOT; };
		2758356D180DC7AC00604713 /* CoreGraphics.framework */ = {isa = PBXFileReference; lastKnownFileType = wrapper.framework; name = CoreGraphics.framework; path = System/Library/Frameworks/CoreGraphics.framework; sourceTree = SDKROOT; };
		2758356F180DC7AC00604713 /* UIKit.framework */ = {isa = PBXFileReference; lastKnownFileType = wrapper.framework; name = UIKit.framework; path = System/Library/Frameworks/UIKit.framework; sourceTree = SDKROOT; };
		27583573180DC7AC00604713 /* XCSTest-Info.plist */ = {isa = PBXFileReference; lastKnownFileType = text.plist.xml; path = "XCSTest-Info.plist"; sourceTree = "<group>"; };
		27583575180DC7AC00604713 /* en */ = {isa = PBXFileReference; lastKnownFileType = text.plist.strings; name = en; path = en.lproj/InfoPlist.strings; sourceTree = "<group>"; };
		27583577180DC7AC00604713 /* main.m */ = {isa = PBXFileReference; lastKnownFileType = sourcecode.c.objc; path = main.m; sourceTree = "<group>"; };
		27583579180DC7AC00604713 /* XCSTest-Prefix.pch */ = {isa = PBXFileReference; lastKnownFileType = sourcecode.c.h; path = "XCSTest-Prefix.pch"; sourceTree = "<group>"; };
		2758357A180DC7AC00604713 /* AppDelegate.h */ = {isa = PBXFileReference; lastKnownFileType = sourcecode.c.h; path = AppDelegate.h; sourceTree = "<group>"; };
		2758357B180DC7AC00604713 /* AppDelegate.m */ = {isa = PBXFileReference; lastKnownFileType = sourcecode.c.objc; path = AppDelegate.m; sourceTree = "<group>"; };
		2758357E180DC7AC00604713 /* Base */ = {isa = PBXFileReference; lastKnownFileType = file.storyboard; name = Base; path = Base.lproj/Main_iPhone.storyboard; sourceTree = "<group>"; };
		27583581180DC7AC00604713 /* Base */ = {isa = PBXFileReference; lastKnownFileType = file.storyboard; name = Base; path = Base.lproj/Main_iPad.storyboard; sourceTree = "<group>"; };
		27583583180DC7AC00604713 /* ViewController.h */ = {isa = PBXFileReference; lastKnownFileType = sourcecode.c.h; path = ViewController.h; sourceTree = "<group>"; };
		27583584180DC7AC00604713 /* ViewController.m */ = {isa = PBXFileReference; lastKnownFileType = sourcecode.c.objc; path = ViewController.m; sourceTree = "<group>"; };
		27583586180DC7AC00604713 /* Images.xcassets */ = {isa = PBXFileReference; lastKnownFileType = folder.assetcatalog; path = Images.xcassets; sourceTree = "<group>"; };
		2758358C180DC7AC00604713 /* XCSTestTests.xctest */ = {isa = PBXFileReference; explicitFileType = wrapper.cfbundle; includeInIndex = 0; path = XCSTestTests.xctest; sourceTree = BUILT_PRODUCTS_DIR; };
		2758358D180DC7AC00604713 /* XCTest.framework */ = {isa = PBXFileReference; lastKnownFileType = wrapper.framework; name = XCTest.framework; path = Library/Frameworks/XCTest.framework; sourceTree = DEVELOPER_DIR; };
		27583595180DC7AD00604713 /* XCSTestTests-Info.plist */ = {isa = PBXFileReference; lastKnownFileType = text.plist.xml; path = "XCSTestTests-Info.plist"; sourceTree = "<group>"; };
		27583597180DC7AD00604713 /* en */ = {isa = PBXFileReference; lastKnownFileType = text.plist.strings; name = en; path = en.lproj/InfoPlist.strings; sourceTree = "<group>"; };
		27583599180DC7AD00604713 /* XCSTestTests.m */ = {isa = PBXFileReference; lastKnownFileType = sourcecode.c.objc; path = XCSTestTests.m; sourceTree = "<group>"; };
/* End PBXFileReference section */

/* Begin PBXFrameworksBuildPhase section */
		27583565180DC7AC00604713 /* Frameworks */ = {
			isa = PBXFrameworksBuildPhase;
			buildActionMask = 2147483647;
			files = (
				2758356E180DC7AC00604713 /* CoreGraphics.framework in Frameworks */,
				27583570180DC7AC00604713 /* UIKit.framework in Frameworks */,
				2758356C180DC7AC00604713 /* Foundation.framework in Frameworks */,
			);
			runOnlyForDeploymentPostprocessing = 0;
		};
		27583589180DC7AC00604713 /* Frameworks */ = {
			isa = PBXFrameworksBuildPhase;
			buildActionMask = 2147483647;
			files = (
				2758358E180DC7AC00604713 /* XCTest.framework in Frameworks */,
				27583590180DC7AD00604713 /* UIKit.framework in Frameworks */,
				2758358F180DC7AC00604713 /* Foundation.framework in Frameworks */,
			);
			runOnlyForDeploymentPostprocessing = 0;
		};
/* End PBXFrameworksBuildPhase section */

/* Begin PBXGroup section */
		2758355F180DC7AC00604713 = {
			isa = PBXGroup;
			children = (
				27583571180DC7AC00604713 /* XCSTest */,
				27583593180DC7AD00604713 /* XCSTestTests */,
				2758356A180DC7AC00604713 /* Frameworks */,
				27583569180DC7AC00604713 /* Products */,
			);
			sourceTree = "<group>";
		};
		27583569180DC7AC00604713 /* Products */ = {
			isa = PBXGroup;
			children = (
				27583568180DC7AC00604713 /* XCSTest.app */,
				2758358C180DC7AC00604713 /* XCSTestTests.xctest */,
			);
			name = Products;
			sourceTree = "<group>";
		};
		2758356A180DC7AC00604713 /* Frameworks */ = {
			isa = PBXGroup;
			children = (
				2758356B180DC7AC00604713 /* Foundation.framework */,
				2758356D180DC7AC00604713 /* CoreGraphics.framework */,
				2758356F180DC7AC00604713 /* UIKit.framework */,
				2758358D180DC7AC00604713 /* XCTest.framework */,
			);
			name = Frameworks;
			sourceTree = "<group>";
		};
		27583571180DC7AC00604713 /* XCSTest */ = {
			isa = PBXGroup;
			children = (
				2758357A180DC7AC00604713 /* AppDelegate.h */,
				2758357B180DC7AC00604713 /* AppDelegate.m */,
				2758357D180DC7AC00604713 /* Main_iPhone.storyboard */,
				27583580180DC7AC00604713 /* Main_iPad.storyboard */,
				27583583180DC7AC00604713 /* ViewController.h */,
				27583584180DC7AC00604713 /* ViewController.m */,
				27583586180DC7AC00604713 /* Images.xcassets */,
				27583572180DC7AC00604713 /* Supporting Files */,
			);
			path = XCSTest;
			sourceTree = "<group>";
		};
		27583572180DC7AC00604713 /* Supporting Files */ = {
			isa = PBXGroup;
			children = (
				27583573180DC7AC00604713 /* XCSTest-Info.plist */,
				27583574180DC7AC00604713 /* InfoPlist.strings */,
				27583577180DC7AC00604713 /* main.m */,
				27583579180DC7AC00604713 /* XCSTest-Prefix.pch */,
			);
			name = "Supporting Files";
			sourceTree = "<group>";
		};
		27583593180DC7AD00604713 /* XCSTestTests */ = {
			isa = PBXGroup;
			children = (
				27583599180DC7AD00604713 /* XCSTestTests.m */,
				27583594180DC7AD00604713 /* Supporting Files */,
			);
			path = XCSTestTests;
			sourceTree = "<group>";
		};
		27583594180DC7AD00604713 /* Supporting Files */ = {
			isa = PBXGroup;
			children = (
				27583595180DC7AD00604713 /* XCSTestTests-Info.plist */,
				27583596180DC7AD00604713 /* InfoPlist.strings */,
			);
			name = "Supporting Files";
			sourceTree = "<group>";
		};
/* End PBXGroup section */

/* Begin PBXNativeTarget section */
		27583567180DC7AC00604713 /* XCSTest */ = {
			isa = PBXNativeTarget;
			buildConfigurationList = 2758359D180DC7AD00604713 /* Build configuration list for PBXNativeTarget "XCSTest" */;
			buildPhases = (
				27583564180DC7AC00604713 /* Sources */,
				27583565180DC7AC00604713 /* Frameworks */,
				27583566180DC7AC00604713 /* Resources */,
			);
			buildRules = (
			);
			dependencies = (
			);
			name = XCSTest;
			productName = XCSTest;
			productReference = 27583568180DC7AC00604713 /* XCSTest.app */;
			productType = "com.apple.product-type.application";
		};
		2758358B180DC7AC00604713 /* XCSTestTests */ = {
			isa = PBXNativeTarget;
			buildConfigurationList = 275835A0180DC7AD00604713 /* Build configuration list for PBXNativeTarget "XCSTestTests" */;
			buildPhases = (
				27583588180DC7AC00604713 /* Sources */,
				27583589180DC7AC00604713 /* Frameworks */,
				2758358A180DC7AC00604713 /* Resources */,
			);
			buildRules = (
			);
			dependencies = (
				27583592180DC7AD00604713 /* PBXTargetDependency */,
			);
			name = XCSTestTests;
			productName = XCSTestTests;
			productReference = 2758358C180DC7AC00604713 /* XCSTestTests.xctest */;
			productType = "com.apple.product-type.bundle.unit-test";
		};
/* End PBXNativeTarget section */

/* Begin PBXProject section */
		27583560180DC7AC00604713 /* Project object */ = {
			isa = PBXProject;
			attributes = {
				LastUpgradeCheck = 0500;
				ORGANIZATIONNAME = "Mike Greiner";
				TargetAttributes = {
					2758358B180DC7AC00604713 = {
						TestTargetID = 27583567180DC7AC00604713;
					};
				};
			};
			buildConfigurationList = 27583563180DC7AC00604713 /* Build configuration list for PBXProject "XCSTest" */;
			compatibilityVersion = "Xcode 3.2";
			developmentRegion = English;
			hasScannedForEncodings = 0;
			knownRegions = (
				en,
				Base,
			);
			mainGroup = 2758355F180DC7AC00604713;
			productRefGroup = 27583569180DC7AC00604713 /* Products */;
			projectDirPath = "";
			projectRoot = "";
			targets = (
				27583567180DC7AC00604713 /* XCSTest */,
				2758358B180DC7AC00604713 /* XCSTestTests */,
			);
		};
/* End PBXProject section */

/* Begin PBXResourcesBuildPhase section */
		27583566180DC7AC00604713 /* Resources */ = {
			isa = PBXResourcesBuildPhase;
			buildActionMask = 2147483647;
			files = (
				27583582180DC7AC00604713 /* Main_iPad.storyboard in Resources */,
				27583587180DC7AC00604713 /* Images.xcassets in Resources */,
				2758357F180DC7AC00604713 /* Main_iPhone.storyboard in Resources */,
				27583576180DC7AC00604713 /* InfoPlist.strings in Resources */,
			);
			runOnlyForDeploymentPostprocessing = 0;
		};
		2758358A180DC7AC00604713 /* Resources */ = {
			isa = PBXResourcesBuildPhase;
			buildActionMask = 2147483647;
			files = (
				27583598180DC7AD00604713 /* InfoPlist.strings in Resources */,
			);
			runOnlyForDeploymentPostprocessing = 0;
		};
/* End PBXResourcesBuildPhase section */

/* Begin PBXSourcesBuildPhase section */
		27583564180DC7AC00604713 /* Sources */ = {
			isa = PBXSourcesBuildPhase;
			buildActionMask = 2147483647;
			files = (
				27583585180DC7AC00604713 /* ViewController.m in Sources */,
				2758357C180DC7AC00604713 /* AppDelegate.m in Sources */,
				27583578180DC7AC00604713 /* main.m in Sources */,
			);
			runOnlyForDeploymentPostprocessing = 0;
		};
		27583588180DC7AC00604713 /* Sources */ = {
			isa = PBXSourcesBuildPhase;
			buildActionMask = 2147483647;
			files = (
				2758359A180DC7AD00604713 /* XCSTestTests.m in Sources */,
			);
			runOnlyForDeploymentPostprocessing = 0;
		};
/* End PBXSourcesBuildPhase section */

/* Begin PBXTargetDependency section */
		27583592180DC7AD00604713 /* PBXTargetDependency */ = {
			isa = PBXTargetDependency;
			target = 27583567180DC7AC00604713 /* XCSTest */;
			targetProxy = 27583591180DC7AD00604713 /* PBXContainerItemProxy */;
		};
/* End PBXTargetDependency section */

/* Begin PBXVariantGroup section */
		27583574180DC7AC00604713 /* InfoPlist.strings */ = {
			isa = PBXVariantGroup;
			children = (
				27583575180DC7AC00604713 /* en */,
			);
			name = InfoPlist.strings;
			sourceTree = "<group>";
		};
		2758357D180DC7AC00604713 /* Main_iPhone.storyboard */ = {
			isa = PBXVariantGroup;
			children = (
				2758357E180DC7AC00604713 /* Base */,
			);
			name = Main_iPhone.storyboard;
			sourceTree = "<group>";
		};
		27583580180DC7AC00604713 /* Main_iPad.storyboard */ = {
			isa = PBXVariantGroup;
			children = (
				27583581180DC7AC00604713 /* Base */,
			);
			name = Main_iPad.storyboard;
			sourceTree = "<group>";
		};
		27583596180DC7AD00604713 /* InfoPlist.strings */ = {
			isa = PBXVariantGroup;
			children = (
				27583597180DC7AD00604713 /* en */,
			);
			name = InfoPlist.strings;
			sourceTree = "<group>";
		};
/* End PBXVariantGroup section */

/* Begin XCBuildConfiguration section */
		2758359B180DC7AD00604713 /* Debug */ = {
			isa = XCBuildConfiguration;
			buildSettings = {
				ALWAYS_SEARCH_USER_PATHS = NO;
				ARCHS = "$(ARCHS_STANDARD_INCLUDING_64_BIT)";
				CLANG_CXX_LANGUAGE_STANDARD = "gnu++0x";
				CLANG_CXX_LIBRARY = "libc++";
				CLANG_ENABLE_MODULES = YES;
				CLANG_ENABLE_OBJC_ARC = YES;
				CLANG_WARN_BOOL_CONVERSION = YES;
				CLANG_WARN_CONSTANT_CONVERSION = YES;
				CLANG_WARN_DIRECT_OBJC_ISA_USAGE = YES_ERROR;
				CLANG_WARN_EMPTY_BODY = YES;
				CLANG_WARN_ENUM_CONVERSION = YES;
				CLANG_WARN_INT_CONVERSION = YES;
				CLANG_WARN_OBJC_ROOT_CLASS = YES_ERROR;
				CLANG_WARN__DUPLICATE_METHOD_MATCH = YES;
				"CODE_SIGN_IDENTITY[sdk=iphoneos*]" = "iPhone Developer";
				COPY_PHASE_STRIP = NO;
				GCC_C_LANGUAGE_STANDARD = gnu99;
				GCC_DYNAMIC_NO_PIC = NO;
				GCC_OPTIMIZATION_LEVEL = 0;
				GCC_PREPROCESSOR_DEFINITIONS = (
					"DEBUG=1",
					"$(inherited)",
				);
				GCC_SYMBOLS_PRIVATE_EXTERN = NO;
				GCC_WARN_64_TO_32_BIT_CONVERSION = YES;
				GCC_WARN_ABOUT_RETURN_TYPE = YES_ERROR;
				GCC_WARN_UNDECLARED_SELECTOR = YES;
				GCC_WARN_UNINITIALIZED_AUTOS = YES;
				GCC_WARN_UNUSED_FUNCTION = YES;
				GCC_WARN_UNUSED_VARIABLE = YES;
				IPHONEOS_DEPLOYMENT_TARGET = 7.0;
				ONLY_ACTIVE_ARCH = YES;
				SDKROOT = iphoneos;
				TARGETED_DEVICE_FAMILY = "1,2";
			};
			name = Debug;
		};
		2758359C180DC7AD00604713 /* Release */ = {
			isa = XCBuildConfiguration;
			buildSettings = {
				ALWAYS_SEARCH_USER_PATHS = NO;
				ARCHS = "$(ARCHS_STANDARD_INCLUDING_64_BIT)";
				CLANG_CXX_LANGUAGE_STANDARD = "gnu++0x";
				CLANG_CXX_LIBRARY = "libc++";
				CLANG_ENABLE_MODULES = YES;
				CLANG_ENABLE_OBJC_ARC = YES;
				CLANG_WARN_BOOL_CONVERSION = YES;
				CLANG_WARN_CONSTANT_CONVERSION = YES;
				CLANG_WARN_DIRECT_OBJC_ISA_USAGE = YES_ERROR;
				CLANG_WARN_EMPTY_BODY = YES;
				CLANG_WARN_ENUM_CONVERSION = YES;
				CLANG_WARN_INT_CONVERSION = YES;
				CLANG_WARN_OBJC_ROOT_CLASS = YES_ERROR;
				CLANG_WARN__DUPLICATE_METHOD_MATCH = YES;
				"CODE_SIGN_IDENTITY[sdk=iphoneos*]" = "iPhone Developer";
				COPY_PHASE_STRIP = YES;
				ENABLE_NS_ASSERTIONS = NO;
				GCC_C_LANGUAGE_STANDARD = gnu99;
				GCC_WARN_64_TO_32_BIT_CONVERSION = YES;
				GCC_WARN_ABOUT_RETURN_TYPE = YES_ERROR;
				GCC_WARN_UNDECLARED_SELECTOR = YES;
				GCC_WARN_UNINITIALIZED_AUTOS = YES;
				GCC_WARN_UNUSED_FUNCTION = YES;
				GCC_WARN_UNUSED_VARIABLE = YES;
				IPHONEOS_DEPLOYMENT_TARGET = 7.0;
				SDKROOT = iphoneos;
				TARGETED_DEVICE_FAMILY = "1,2";
				VALIDATE_PRODUCT = YES;
			};
			name = Release;
		};
		2758359E180DC7AD00604713 /* Debug */ = {
			isa = XCBuildConfiguration;
			buildSettings = {
				ASSETCATALOG_COMPILER_APPICON_NAME = AppIcon;
				ASSETCATALOG_COMPILER_LAUNCHIMAGE_NAME = LaunchImage;
				GCC_PRECOMPILE_PREFIX_HEADER = YES;
				GCC_PREFIX_HEADER = "XCSTest/XCSTest-Prefix.pch";
				INFOPLIST_FILE = "XCSTest/XCSTest-Info.plist";
				PRODUCT_NAME = "$(TARGET_NAME)";
				WRAPPER_EXTENSION = app;
			};
			name = Debug;
		};
		2758359F180DC7AD00604713 /* Release */ = {
			isa = XCBuildConfiguration;
			buildSettings = {
				ASSETCATALOG_COMPILER_APPICON_NAME = AppIcon;
				ASSETCATALOG_COMPILER_LAUNCHIMAGE_NAME = LaunchImage;
				GCC_PRECOMPILE_PREFIX_HEADER = YES;
				GCC_PREFIX_HEADER = "XCSTest/XCSTest-Prefix.pch";
				INFOPLIST_FILE = "XCSTest/XCSTest-Info.plist";
				PRODUCT_NAME = "$(TARGET_NAME)";
				WRAPPER_EXTENSION = app;
			};
			name = Release;
		};
		275835A1180DC7AD00604713 /* Debug */ = {
			isa = XCBuildConfiguration;
			buildSettings = {
				ARCHS = "$(ARCHS_STANDARD_INCLUDING_64_BIT)";
				BUNDLE_LOADER = "$(BUILT_PRODUCTS_DIR)/XCSTest.app/XCSTest";
				FRAMEWORK_SEARCH_PATHS = (
					"$(SDKROOT)/Developer/Library/Frameworks",
					"$(inherited)",
					"$(DEVELOPER_FRAMEWORKS_DIR)",
				);
				GCC_PRECOMPILE_PREFIX_HEADER = YES;
				GCC_PREFIX_HEADER = "XCSTest/XCSTest-Prefix.pch";
				GCC_PREPROCESSOR_DEFINITIONS = (
					"DEBUG=1",
					"$(inherited)",
				);
				INFOPLIST_FILE = "XCSTestTests/XCSTestTests-Info.plist";
				PRODUCT_NAME = "$(TARGET_NAME)";
				TEST_HOST = "$(BUNDLE_LOADER)";
				WRAPPER_EXTENSION = xctest;
			};
			name = Debug;
		};
		275835A2180DC7AD00604713 /* Release */ = {
			isa = XCBuildConfiguration;
			buildSettings = {
				ARCHS = "$(ARCHS_STANDARD_INCLUDING_64_BIT)";
				BUNDLE_LOADER = "$(BUILT_PRODUCTS_DIR)/XCSTest.app/XCSTest";
				FRAMEWORK_SEARCH_PATHS = (
					"$(SDKROOT)/Developer/Library/Frameworks",
					"$(inherited)",
					"$(DEVELOPER_FRAMEWORKS_DIR)",
				);
				GCC_PRECOMPILE_PREFIX_HEADER = YES;
				GCC_PREFIX_HEADER = "XCSTest/XCSTest-Prefix.pch";
				INFOPLIST_FILE = "XCSTestTests/XCSTestTests-Info.plist";
				PRODUCT_NAME = "$(TARGET_NAME)";
				TEST_HOST = "$(BUNDLE_LOADER)";
				WRAPPER_EXTENSION = xctest;
			};
			name = Release;
		};
/* End XCBuildConfiguration section */

/* Begin XCConfigurationList section */
		27583563180DC7AC00604713 /* Build configuration list for PBXProject "XCSTest" */ = {
			isa = XCConfigurationList;
			buildConfigurations = (
				2758359B180DC7AD00604713 /* Debug */,
				2758359C180DC7AD00604713 /* Release */,
			);
			defaultConfigurationIsVisible = 0;
			defaultConfigurationName = Release;
		};
		2758359D180DC7AD00604713 /* Build configuration list for PBXNativeTarget "XCSTest" */ = {
			isa = XCConfigurationList;
			buildConfigurations = (
				2758359E180DC7AD00604713 /* Debug */,
				2758359F180DC7AD00604713 /* Release */,
			);
			defaultConfigurationIsVisible = 0;
		};
		275835A0180DC7AD00604713 /* Build configuration list for PBXNativeTarget "XCSTestTests" */ = {
			isa = XCConfigurationList;
			buildConfigurations = (
				275835A1180DC7AD00604713 /* Debug */,
				275835A2180DC7AD00604713 /* Release */,
			);
			defaultConfigurationIsVisible = 0;
		};
/* End XCConfigurationList section */
	};
	rootObject = 27583560180DC7AC00604713 /* Project object */;
}
